// !$*UTF8*$!
{
	archiveVersion = 1;
	classes = {
	};
	objectVersion = 70;
	objects = {

/* Begin PBXBuildFile section */
		1D7FD3C22C227CD600F1AB74 /* NC2_SpriteKitGameApp.swift in Sources */ = {isa = PBXBuildFile; fileRef = 1D7FD3C12C227CD600F1AB74 /* NC2_SpriteKitGameApp.swift */; };
		1D7FD3C42C227CD600F1AB74 /* HomeView.swift in Sources */ = {isa = PBXBuildFile; fileRef = 1D7FD3C32C227CD600F1AB74 /* HomeView.swift */; };
		1D7FD3C62C227CD700F1AB74 /* Assets.xcassets in Resources */ = {isa = PBXBuildFile; fileRef = 1D7FD3C52C227CD700F1AB74 /* Assets.xcassets */; };
		1D7FD3C92C227CD700F1AB74 /* Preview Assets.xcassets in Resources */ = {isa = PBXBuildFile; fileRef = 1D7FD3C82C227CD700F1AB74 /* Preview Assets.xcassets */; };
		1D7FD3D32C227D1800F1AB74 /* StartScene.swift in Sources */ = {isa = PBXBuildFile; fileRef = 1D7FD3D22C227D1800F1AB74 /* StartScene.swift */; };
		1D7FD3D52C227D2300F1AB74 /* CharacterScene.swift in Sources */ = {isa = PBXBuildFile; fileRef = 1D7FD3D42C227D2300F1AB74 /* CharacterScene.swift */; };
		1D7FD3D72C227D2B00F1AB74 /* GameScene.swift in Sources */ = {isa = PBXBuildFile; fileRef = 1D7FD3D62C227D2B00F1AB74 /* GameScene.swift */; };
		1D7FD3D92C227D3200F1AB74 /* GameOverScene.swift in Sources */ = {isa = PBXBuildFile; fileRef = 1D7FD3D82C227D3200F1AB74 /* GameOverScene.swift */; };
/* End PBXBuildFile section */

/* Begin PBXFileReference section */
		1D7FD3BE2C227CD600F1AB74 /* NC2_SpriteKitGame.app */ = {isa = PBXFileReference; explicitFileType = wrapper.application; includeInIndex = 0; path = NC2_SpriteKitGame.app; sourceTree = BUILT_PRODUCTS_DIR; };
		1D7FD3C12C227CD600F1AB74 /* NC2_SpriteKitGameApp.swift */ = {isa = PBXFileReference; lastKnownFileType = sourcecode.swift; path = NC2_SpriteKitGameApp.swift; sourceTree = "<group>"; };
		1D7FD3C32C227CD600F1AB74 /* HomeView.swift */ = {isa = PBXFileReference; lastKnownFileType = sourcecode.swift; path = HomeView.swift; sourceTree = "<group>"; };
		1D7FD3C52C227CD700F1AB74 /* Assets.xcassets */ = {isa = PBXFileReference; lastKnownFileType = folder.assetcatalog; path = Assets.xcassets; sourceTree = "<group>"; };
		1D7FD3C82C227CD700F1AB74 /* Preview Assets.xcassets */ = {isa = PBXFileReference; lastKnownFileType = folder.assetcatalog; path = "Preview Assets.xcassets"; sourceTree = "<group>"; };
		1D7FD3D22C227D1800F1AB74 /* StartScene.swift */ = {isa = PBXFileReference; lastKnownFileType = sourcecode.swift; path = StartScene.swift; sourceTree = "<group>"; };
		1D7FD3D42C227D2300F1AB74 /* CharacterScene.swift */ = {isa = PBXFileReference; lastKnownFileType = sourcecode.swift; path = CharacterScene.swift; sourceTree = "<group>"; };
		1D7FD3D62C227D2B00F1AB74 /* GameScene.swift */ = {isa = PBXFileReference; lastKnownFileType = sourcecode.swift; path = GameScene.swift; sourceTree = "<group>"; };
		1D7FD3D82C227D3200F1AB74 /* GameOverScene.swift */ = {isa = PBXFileReference; lastKnownFileType = sourcecode.swift; path = GameOverScene.swift; sourceTree = "<group>"; };
		1D7FD3DA2C227DD000F1AB74 /* NC2-SpriteKitGame-Info.plist */ = {isa = PBXFileReference; lastKnownFileType = text.plist; path = "NC2-SpriteKitGame-Info.plist"; sourceTree = SOURCE_ROOT; };
/* End PBXFileReference section */

/* Begin PBXFileSystemSynchronizedRootGroup section */
		1D7FD3D02C227D0100F1AB74 /* Font */ = {isa = PBXFileSystemSynchronizedRootGroup; explicitFileTypes = {}; explicitFolders = (); path = Font; sourceTree = "<group>"; };
/* End PBXFileSystemSynchronizedRootGroup section */

/* Begin PBXFrameworksBuildPhase section */
		1D7FD3BB2C227CD600F1AB74 /* Frameworks */ = {
			isa = PBXFrameworksBuildPhase;
			buildActionMask = 2147483647;
			files = (
			);
			runOnlyForDeploymentPostprocessing = 0;
		};
/* End PBXFrameworksBuildPhase section */

/* Begin PBXGroup section */
		1D7FD3B52C227CD600F1AB74 = {
			isa = PBXGroup;
			children = (
				1D7FD3C02C227CD600F1AB74 /* NC2_SpriteKitGame */,
				1D7FD3BF2C227CD600F1AB74 /* Products */,
			);
			sourceTree = "<group>";
		};
		1D7FD3BF2C227CD600F1AB74 /* Products */ = {
			isa = PBXGroup;
			children = (
				1D7FD3BE2C227CD600F1AB74 /* NC2_SpriteKitGame.app */,
			);
			name = Products;
			sourceTree = "<group>";
		};
		1D7FD3C02C227CD600F1AB74 /* NC2_SpriteKitGame */ = {
			isa = PBXGroup;
			children = (
				1D7FD3DA2C227DD000F1AB74 /* NC2-SpriteKitGame-Info.plist */,
				1D7FD3D02C227D0100F1AB74 /* Font */,
				1D7FD3C12C227CD600F1AB74 /* NC2_SpriteKitGameApp.swift */,
				1D7FD3C32C227CD600F1AB74 /* HomeView.swift */,
				1D7FD3D22C227D1800F1AB74 /* StartScene.swift */,
				1D7FD3D42C227D2300F1AB74 /* CharacterScene.swift */,
				1D7FD3D62C227D2B00F1AB74 /* GameScene.swift */,
				1D7FD3D82C227D3200F1AB74 /* GameOverScene.swift */,
				1D7FD3C52C227CD700F1AB74 /* Assets.xcassets */,
				1D7FD3C72C227CD700F1AB74 /* Preview Content */,
			);
			path = NC2_SpriteKitGame;
			sourceTree = "<group>";
		};
		1D7FD3C72C227CD700F1AB74 /* Preview Content */ = {
			isa = PBXGroup;
			children = (
				1D7FD3C82C227CD700F1AB74 /* Preview Assets.xcassets */,
			);
			path = "Preview Content";
			sourceTree = "<group>";
		};
/* End PBXGroup section */

/* Begin PBXNativeTarget section */
		1D7FD3BD2C227CD600F1AB74 /* NC2_SpriteKitGame */ = {
			isa = PBXNativeTarget;
			buildConfigurationList = 1D7FD3CC2C227CD700F1AB74 /* Build configuration list for PBXNativeTarget "NC2_SpriteKitGame" */;
			buildPhases = (
				1D7FD3BA2C227CD600F1AB74 /* Sources */,
				1D7FD3BB2C227CD600F1AB74 /* Frameworks */,
				1D7FD3BC2C227CD600F1AB74 /* Resources */,
			);
			buildRules = (
			);
			dependencies = (
			);
			fileSystemSynchronizedGroups = (
				1D7FD3D02C227D0100F1AB74 /* Font */,
			);
			name = NC2_SpriteKitGame;
			productName = NC2_SpriteKitGame;
			productReference = 1D7FD3BE2C227CD600F1AB74 /* NC2_SpriteKitGame.app */;
			productType = "com.apple.product-type.application";
		};
/* End PBXNativeTarget section */

/* Begin PBXProject section */
		1D7FD3B62C227CD600F1AB74 /* Project object */ = {
			isa = PBXProject;
			attributes = {
				BuildIndependentTargetsInParallel = 1;
				LastSwiftUpdateCheck = 1600;
				LastUpgradeCheck = 1600;
				TargetAttributes = {
					1D7FD3BD2C227CD600F1AB74 = {
						CreatedOnToolsVersion = 16.0;
					};
				};
			};
			buildConfigurationList = 1D7FD3B92C227CD600F1AB74 /* Build configuration list for PBXProject "NC2_SpriteKitGame" */;
			compatibilityVersion = "Xcode 15.0";
			developmentRegion = en;
			hasScannedForEncodings = 0;
			knownRegions = (
				en,
				Base,
			);
			mainGroup = 1D7FD3B52C227CD600F1AB74;
			productRefGroup = 1D7FD3BF2C227CD600F1AB74 /* Products */;
			projectDirPath = "";
			projectRoot = "";
			targets = (
				1D7FD3BD2C227CD600F1AB74 /* NC2_SpriteKitGame */,
			);
		};
/* End PBXProject section */

/* Begin PBXResourcesBuildPhase section */
		1D7FD3BC2C227CD600F1AB74 /* Resources */ = {
			isa = PBXResourcesBuildPhase;
			buildActionMask = 2147483647;
			files = (
				1D7FD3C92C227CD700F1AB74 /* Preview Assets.xcassets in Resources */,
				1D7FD3C62C227CD700F1AB74 /* Assets.xcassets in Resources */,
			);
			runOnlyForDeploymentPostprocessing = 0;
		};
/* End PBXResourcesBuildPhase section */

/* Begin PBXSourcesBuildPhase section */
		1D7FD3BA2C227CD600F1AB74 /* Sources */ = {
			isa = PBXSourcesBuildPhase;
			buildActionMask = 2147483647;
			files = (
				1D7FD3D72C227D2B00F1AB74 /* GameScene.swift in Sources */,
				1D7FD3C42C227CD600F1AB74 /* HomeView.swift in Sources */,
				1D7FD3D32C227D1800F1AB74 /* StartScene.swift in Sources */,
				1D7FD3D52C227D2300F1AB74 /* CharacterScene.swift in Sources */,
				1D7FD3D92C227D3200F1AB74 /* GameOverScene.swift in Sources */,
				1D7FD3C22C227CD600F1AB74 /* NC2_SpriteKitGameApp.swift in Sources */,
			);
			runOnlyForDeploymentPostprocessing = 0;
		};
/* End PBXSourcesBuildPhase section */

/* Begin XCBuildConfiguration section */
		1D7FD3CA2C227CD700F1AB74 /* Debug */ = {
			isa = XCBuildConfiguration;
			buildSettings = {
				ALWAYS_SEARCH_USER_PATHS = NO;
				ASSETCATALOG_COMPILER_GENERATE_SWIFT_ASSET_SYMBOL_EXTENSIONS = YES;
				CLANG_ANALYZER_NONNULL = YES;
				CLANG_ANALYZER_NUMBER_OBJECT_CONVERSION = YES_AGGRESSIVE;
				CLANG_CXX_LANGUAGE_STANDARD = "gnu++20";
				CLANG_ENABLE_MODULES = YES;
				CLANG_ENABLE_OBJC_ARC = YES;
				CLANG_ENABLE_OBJC_WEAK = YES;
				CLANG_WARN_BLOCK_CAPTURE_AUTORELEASING = YES;
				CLANG_WARN_BOOL_CONVERSION = YES;
				CLANG_WARN_COMMA = YES;
				CLANG_WARN_CONSTANT_CONVERSION = YES;
				CLANG_WARN_DEPRECATED_OBJC_IMPLEMENTATIONS = YES;
				CLANG_WARN_DIRECT_OBJC_ISA_USAGE = YES_ERROR;
				CLANG_WARN_DOCUMENTATION_COMMENTS = YES;
				CLANG_WARN_EMPTY_BODY = YES;
				CLANG_WARN_ENUM_CONVERSION = YES;
				CLANG_WARN_INFINITE_RECURSION = YES;
				CLANG_WARN_INT_CONVERSION = YES;
				CLANG_WARN_NON_LITERAL_NULL_CONVERSION = YES;
				CLANG_WARN_OBJC_IMPLICIT_RETAIN_SELF = YES;
				CLANG_WARN_OBJC_LITERAL_CONVERSION = YES;
				CLANG_WARN_OBJC_ROOT_CLASS = YES_ERROR;
				CLANG_WARN_QUOTED_INCLUDE_IN_FRAMEWORK_HEADER = YES;
				CLANG_WARN_RANGE_LOOP_ANALYSIS = YES;
				CLANG_WARN_STRICT_PROTOTYPES = YES;
				CLANG_WARN_SUSPICIOUS_MOVE = YES;
				CLANG_WARN_UNGUARDED_AVAILABILITY = YES_AGGRESSIVE;
				CLANG_WARN_UNREACHABLE_CODE = YES;
				CLANG_WARN__DUPLICATE_METHOD_MATCH = YES;
				COPY_PHASE_STRIP = NO;
				DEBUG_INFORMATION_FORMAT = dwarf;
				ENABLE_STRICT_OBJC_MSGSEND = YES;
				ENABLE_TESTABILITY = YES;
				ENABLE_USER_SCRIPT_SANDBOXING = YES;
				GCC_C_LANGUAGE_STANDARD = gnu17;
				GCC_DYNAMIC_NO_PIC = NO;
				GCC_NO_COMMON_BLOCKS = YES;
				GCC_OPTIMIZATION_LEVEL = 0;
				GCC_PREPROCESSOR_DEFINITIONS = (
					"DEBUG=1",
					"$(inherited)",
				);
				GCC_WARN_64_TO_32_BIT_CONVERSION = YES;
				GCC_WARN_ABOUT_RETURN_TYPE = YES_ERROR;
				GCC_WARN_UNDECLARED_SELECTOR = YES;
				GCC_WARN_UNINITIALIZED_AUTOS = YES_AGGRESSIVE;
				GCC_WARN_UNUSED_FUNCTION = YES;
				GCC_WARN_UNUSED_VARIABLE = YES;
				IPHONEOS_DEPLOYMENT_TARGET = 18.0;
				LOCALIZATION_PREFERS_STRING_CATALOGS = YES;
				MTL_ENABLE_DEBUG_INFO = INCLUDE_SOURCE;
				MTL_FAST_MATH = YES;
				ONLY_ACTIVE_ARCH = YES;
				SDKROOT = iphoneos;
				SWIFT_ACTIVE_COMPILATION_CONDITIONS = "DEBUG $(inherited)";
				SWIFT_OPTIMIZATION_LEVEL = "-Onone";
			};
			name = Debug;
		};
		1D7FD3CB2C227CD700F1AB74 /* Release */ = {
			isa = XCBuildConfiguration;
			buildSettings = {
				ALWAYS_SEARCH_USER_PATHS = NO;
				ASSETCATALOG_COMPILER_GENERATE_SWIFT_ASSET_SYMBOL_EXTENSIONS = YES;
				CLANG_ANALYZER_NONNULL = YES;
				CLANG_ANALYZER_NUMBER_OBJECT_CONVERSION = YES_AGGRESSIVE;
				CLANG_CXX_LANGUAGE_STANDARD = "gnu++20";
				CLANG_ENABLE_MODULES = YES;
				CLANG_ENABLE_OBJC_ARC = YES;
				CLANG_ENABLE_OBJC_WEAK = YES;
				CLANG_WARN_BLOCK_CAPTURE_AUTORELEASING = YES;
				CLANG_WARN_BOOL_CONVERSION = YES;
				CLANG_WARN_COMMA = YES;
				CLANG_WARN_CONSTANT_CONVERSION = YES;
				CLANG_WARN_DEPRECATED_OBJC_IMPLEMENTATIONS = YES;
				CLANG_WARN_DIRECT_OBJC_ISA_USAGE = YES_ERROR;
				CLANG_WARN_DOCUMENTATION_COMMENTS = YES;
				CLANG_WARN_EMPTY_BODY = YES;
				CLANG_WARN_ENUM_CONVERSION = YES;
				CLANG_WARN_INFINITE_RECURSION = YES;
				CLANG_WARN_INT_CONVERSION = YES;
				CLANG_WARN_NON_LITERAL_NULL_CONVERSION = YES;
				CLANG_WARN_OBJC_IMPLICIT_RETAIN_SELF = YES;
				CLANG_WARN_OBJC_LITERAL_CONVERSION = YES;
				CLANG_WARN_OBJC_ROOT_CLASS = YES_ERROR;
				CLANG_WARN_QUOTED_INCLUDE_IN_FRAMEWORK_HEADER = YES;
				CLANG_WARN_RANGE_LOOP_ANALYSIS = YES;
				CLANG_WARN_STRICT_PROTOTYPES = YES;
				CLANG_WARN_SUSPICIOUS_MOVE = YES;
				CLANG_WARN_UNGUARDED_AVAILABILITY = YES_AGGRESSIVE;
				CLANG_WARN_UNREACHABLE_CODE = YES;
				CLANG_WARN__DUPLICATE_METHOD_MATCH = YES;
				COPY_PHASE_STRIP = NO;
				DEBUG_INFORMATION_FORMAT = "dwarf-with-dsym";
				ENABLE_NS_ASSERTIONS = NO;
				ENABLE_STRICT_OBJC_MSGSEND = YES;
				ENABLE_USER_SCRIPT_SANDBOXING = YES;
				GCC_C_LANGUAGE_STANDARD = gnu17;
				GCC_NO_COMMON_BLOCKS = YES;
				GCC_WARN_64_TO_32_BIT_CONVERSION = YES;
				GCC_WARN_ABOUT_RETURN_TYPE = YES_ERROR;
				GCC_WARN_UNDECLARED_SELECTOR = YES;
				GCC_WARN_UNINITIALIZED_AUTOS = YES_AGGRESSIVE;
				GCC_WARN_UNUSED_FUNCTION = YES;
				GCC_WARN_UNUSED_VARIABLE = YES;
				IPHONEOS_DEPLOYMENT_TARGET = 18.0;
				LOCALIZATION_PREFERS_STRING_CATALOGS = YES;
				MTL_ENABLE_DEBUG_INFO = NO;
				MTL_FAST_MATH = YES;
				SDKROOT = iphoneos;
				SWIFT_COMPILATION_MODE = wholemodule;
				VALIDATE_PRODUCT = YES;
			};
			name = Release;
		};
		1D7FD3CD2C227CD700F1AB74 /* Debug */ = {
			isa = XCBuildConfiguration;
			buildSettings = {
				ASSETCATALOG_COMPILER_APPICON_NAME = AppIcon;
				ASSETCATALOG_COMPILER_GLOBAL_ACCENT_COLOR_NAME = AccentColor;
				CODE_SIGN_STYLE = Automatic;
				CURRENT_PROJECT_VERSION = 1;
				DEVELOPMENT_ASSET_PATHS = "\"NC2_SpriteKitGame/Preview Content\"";
				DEVELOPMENT_TEAM = MQR4AUJW5C;
				ENABLE_PREVIEWS = YES;
				GENERATE_INFOPLIST_FILE = YES;
				INFOPLIST_FILE = "NC2-SpriteKitGame-Info.plist";
				INFOPLIST_KEY_CFBundleDisplayName = JumpUpLearner;
				INFOPLIST_KEY_UIApplicationSceneManifest_Generation = YES;
				INFOPLIST_KEY_UIApplicationSupportsIndirectInputEvents = YES;
				INFOPLIST_KEY_UILaunchScreen_Generation = YES;
				INFOPLIST_KEY_UISupportedInterfaceOrientations = UIInterfaceOrientationPortrait;
				INFOPLIST_KEY_UISupportedInterfaceOrientations_iPad = "UIInterfaceOrientationLandscapeLeft UIInterfaceOrientationLandscapeRight UIInterfaceOrientationPortrait UIInterfaceOrientationPortraitUpsideDown";
				IPHONEOS_DEPLOYMENT_TARGET = 15.0;
				LD_RUNPATH_SEARCH_PATHS = (
					"$(inherited)",
					"@executable_path/Frameworks",
				);
				MARKETING_VERSION = 1.0;
				PRODUCT_BUNDLE_IDENTIFIER = "com.sangjunKim.NC2-SpriteKitGame";
				PRODUCT_NAME = "$(TARGET_NAME)";
				SUPPORTED_PLATFORMS = "iphoneos iphonesimulator";
				SUPPORTS_MACCATALYST = NO;
				SUPPORTS_MAC_DESIGNED_FOR_IPHONE_IPAD = NO;
				SUPPORTS_XR_DESIGNED_FOR_IPHONE_IPAD = NO;
				SWIFT_EMIT_LOC_STRINGS = YES;
				SWIFT_VERSION = 5.0;
				TARGETED_DEVICE_FAMILY = 1;
			};
			name = Debug;
		};
		1D7FD3CE2C227CD700F1AB74 /* Release */ = {
			isa = XCBuildConfiguration;
			buildSettings = {
				ASSETCATALOG_COMPILER_APPICON_NAME = AppIcon;
				ASSETCATALOG_COMPILER_GLOBAL_ACCENT_COLOR_NAME = AccentColor;
				CODE_SIGN_STYLE = Automatic;
				CURRENT_PROJECT_VERSION = 1;
				DEVELOPMENT_ASSET_PATHS = "\"NC2_SpriteKitGame/Preview Content\"";
				DEVELOPMENT_TEAM = MQR4AUJW5C;
				ENABLE_PREVIEWS = YES;
				GENERATE_INFOPLIST_FILE = YES;
				INFOPLIST_FILE = "NC2-SpriteKitGame-Info.plist";
				INFOPLIST_KEY_CFBundleDisplayName = JumpUpLearner;
				INFOPLIST_KEY_UIApplicationSceneManifest_Generation = YES;
				INFOPLIST_KEY_UIApplicationSupportsIndirectInputEvents = YES;
				INFOPLIST_KEY_UILaunchScreen_Generation = YES;
				INFOPLIST_KEY_UISupportedInterfaceOrientations = UIInterfaceOrientationPortrait;
				INFOPLIST_KEY_UISupportedInterfaceOrientations_iPad = "UIInterfaceOrientationLandscapeLeft UIInterfaceOrientationLandscapeRight UIInterfaceOrientationPortrait UIInterfaceOrientationPortraitUpsideDown";
				IPHONEOS_DEPLOYMENT_TARGET = 15.0;
				LD_RUNPATH_SEARCH_PATHS = (
					"$(inherited)",
					"@executable_path/Frameworks",
				);
				MARKETING_VERSION = 1.0;
				PRODUCT_BUNDLE_IDENTIFIER = "com.sangjunKim.NC2-SpriteKitGame";
				PRODUCT_NAME = "$(TARGET_NAME)";
				SUPPORTED_PLATFORMS = "iphoneos iphonesimulator";
				SUPPORTS_MACCATALYST = NO;
				SUPPORTS_MAC_DESIGNED_FOR_IPHONE_IPAD = NO;
				SUPPORTS_XR_DESIGNED_FOR_IPHONE_IPAD = NO;
				SWIFT_EMIT_LOC_STRINGS = YES;
				SWIFT_VERSION = 5.0;
				TARGETED_DEVICE_FAMILY = 1;
			};
			name = Release;
		};
/* End XCBuildConfiguration section */

/* Begin XCConfigurationList section */
		1D7FD3B92C227CD600F1AB74 /* Build configuration list for PBXProject "NC2_SpriteKitGame" */ = {
			isa = XCConfigurationList;
			buildConfigurations = (
				1D7FD3CA2C227CD700F1AB74 /* Debug */,
				1D7FD3CB2C227CD700F1AB74 /* Release */,
			);
			defaultConfigurationIsVisible = 0;
			defaultConfigurationName = Release;
		};
		1D7FD3CC2C227CD700F1AB74 /* Build configuration list for PBXNativeTarget "NC2_SpriteKitGame" */ = {
			isa = XCConfigurationList;
			buildConfigurations = (
				1D7FD3CD2C227CD700F1AB74 /* Debug */,
				1D7FD3CE2C227CD700F1AB74 /* Release */,
			);
			defaultConfigurationIsVisible = 0;
			defaultConfigurationName = Release;
		};
/* End XCConfigurationList section */
	};
	rootObject = 1D7FD3B62C227CD600F1AB74 /* Project object */;
}
